
Microsoft Visual Studio Solution File, Format Version 12.00
# Visual Studio Version 16
VisualStudioVersion = 16.0.809.4
MinimumVisualStudioVersion = 10.0.40219.1
Project("{FAE04EC0-301F-11D3-BF4B-00C04F79EFBC}") = "swapNumbers", "swapNumbers.csproj", "{8459DF44-5F63-4863-93BB-826A58451BBF}"
EndProject
Global
	GlobalSection(SolutionConfigurationPlatforms) = preSolution
		Debug|Any CPU = Debug|Any CPU
		Release|Any CPU = Release|Any CPU
	EndGlobalSection
	GlobalSection(ProjectConfigurationPlatforms) = postSolution
		{8459DF44-5F63-4863-93BB-826A58451BBF}.Debug|Any CPU.ActiveCfg = Debug|Any CPU
		{8459DF44-5F63-4863-93BB-826A58451BBF}.Debug|Any CPU.Build.0 = Debug|Any CPU
		{8459DF44-5F63-4863-93BB-826A58451BBF}.Release|Any CPU.ActiveCfg = Release|Any CPU
		{8459DF44-5F63-4863-93BB-826A58451BBF}.Release|Any CPU.Build.0 = Release|Any CPU
	EndGlobalSection
	GlobalSection(SolutionProperties) = preSolution
		HideSolutionNode = FALSE
	EndGlobalSection
	GlobalSection(ExtensibilityGlobals) = postSolution
		SolutionGuid = {97587BEC-4BE4-4EDB-B3E4-B693C0B80CDD}
	EndGlobalSection
EndGlobal
